
Microsoft Visual Studio Solution File, Format Version 12.00
# Visual Studio Version 16
VisualStudioVersion = 16.0.30804.86
MinimumVisualStudioVersion = 10.0.40219.1
Project("{FAE04EC0-301F-11D3-BF4B-00C04F79EFBC}") = "ProjectFinal", "ProjectFinal\ProjectFinal.csproj", "{FFBFA408-6E4F-4FC3-BC70-C96104F22A09}"
EndProject
Global
	GlobalSection(SolutionConfigurationPlatforms) = preSolution
		Debug|Any CPU = Debug|Any CPU
		Release|Any CPU = Release|Any CPU
	EndGlobalSection
	GlobalSection(ProjectConfigurationPlatforms) = postSolution
		{FFBFA408-6E4F-4FC3-BC70-C96104F22A09}.Debug|Any CPU.ActiveCfg = Debug|Any CPU
		{FFBFA408-6E4F-4FC3-BC70-C96104F22A09}.Debug|Any CPU.Build.0 = Debug|Any CPU
		{FFBFA408-6E4F-4FC3-BC70-C96104F22A09}.Release|Any CPU.ActiveCfg = Release|Any CPU
		{FFBFA408-6E4F-4FC3-BC70-C96104F22A09}.Release|Any CPU.Build.0 = Release|Any CPU
	EndGlobalSection
	GlobalSection(SolutionProperties) = preSolution
		HideSolutionNode = FALSE
	EndGlobalSection
	GlobalSection(ExtensibilityGlobals) = postSolution
		SolutionGuid = {62ECC7FA-6980-465B-83FD-91B27A7EABB2}
	EndGlobalSection
EndGlobal
